dependencies:
- name: redis
  repository: https://kubernetes-charts.storage.googleapis.com/
  version: 10.2.1
- name: seatrain-base
  repository: https://lewagon.github.io/seatrain/
  version: 0.1.0
digest: sha256:f41fad5325eee37255d01f297343774e5338f8d1be9447b08ebe47ce07b69118
generated: "2020-10-01T23:33:14.010888+02:00"
